// !$*UTF8*$!
{
	archiveVersion = 1;
	classes = {
	};
	objectVersion = 46;
	objects = {

/* Begin PBXBuildFile section */
		B8EC240B1AD6F835004B2064 /* AppDelegate.swift in Sources */ = {isa = PBXBuildFile; fileRef = B8EC240A1AD6F835004B2064 /* AppDelegate.swift */; };
		B8EC240D1AD6F835004B2064 /* ViewController.swift in Sources */ = {isa = PBXBuildFile; fileRef = B8EC240C1AD6F835004B2064 /* ViewController.swift */; };
		B8EC24101AD6F835004B2064 /* Main.storyboard in Resources */ = {isa = PBXBuildFile; fileRef = B8EC240E1AD6F835004B2064 /* Main.storyboard */; };
		B8EC24121AD6F835004B2064 /* Images.xcassets in Resources */ = {isa = PBXBuildFile; fileRef = B8EC24111AD6F835004B2064 /* Images.xcassets */; };
		B8EC24151AD6F835004B2064 /* LaunchScreen.xib in Resources */ = {isa = PBXBuildFile; fileRef = B8EC24131AD6F835004B2064 /* LaunchScreen.xib */; };
		B8EC24211AD6F835004B2064 /* CookiesTests.swift in Sources */ = {isa = PBXBuildFile; fileRef = B8EC24201AD6F835004B2064 /* CookiesTests.swift */; };
/* End PBXBuildFile section */

/* Begin PBXContainerItemProxy section */
		B8EC241B1AD6F835004B2064 /* PBXContainerItemProxy */ = {
			isa = PBXContainerItemProxy;
			containerPortal = B8EC23FD1AD6F835004B2064 /* Project object */;
			proxyType = 1;
			remoteGlobalIDString = B8EC24041AD6F835004B2064;
			remoteInfo = Cookies;
		};
/* End PBXContainerItemProxy section */

/* Begin PBXFileReference section */
		B8EC24051AD6F835004B2064 /* Cookies.app */ = {isa = PBXFileReference; explicitFileType = wrapper.application; includeInIndex = 0; path = Cookies.app; sourceTree = BUILT_PRODUCTS_DIR; };
		B8EC24091AD6F835004B2064 /* Info.plist */ = {isa = PBXFileReference; lastKnownFileType = text.plist.xml; path = Info.plist; sourceTree = "<group>"; };
		B8EC240A1AD6F835004B2064 /* AppDelegate.swift */ = {isa = PBXFileReference; lastKnownFileType = sourcecode.swift; path = AppDelegate.swift; sourceTree = "<group>"; };
		B8EC240C1AD6F835004B2064 /* ViewController.swift */ = {isa = PBXFileReference; lastKnownFileType = sourcecode.swift; path = ViewController.swift; sourceTree = "<group>"; };
		B8EC240F1AD6F835004B2064 /* Base */ = {isa = PBXFileReference; lastKnownFileType = file.storyboard; name = Base; path = Base.lproj/Main.storyboard; sourceTree = "<group>"; };
		B8EC24111AD6F835004B2064 /* Images.xcassets */ = {isa = PBXFileReference; lastKnownFileType = folder.assetcatalog; path = Images.xcassets; sourceTree = "<group>"; };
		B8EC24141AD6F835004B2064 /* Base */ = {isa = PBXFileReference; lastKnownFileType = file.xib; name = Base; path = Base.lproj/LaunchScreen.xib; sourceTree = "<group>"; };
		B8EC241A1AD6F835004B2064 /* CookiesTests.xctest */ = {isa = PBXFileReference; explicitFileType = wrapper.cfbundle; includeInIndex = 0; path = CookiesTests.xctest; sourceTree = BUILT_PRODUCTS_DIR; };
		B8EC241F1AD6F835004B2064 /* Info.plist */ = {isa = PBXFileReference; lastKnownFileType = text.plist.xml; path = Info.plist; sourceTree = "<group>"; };
		B8EC24201AD6F835004B2064 /* CookiesTests.swift */ = {isa = PBXFileReference; lastKnownFileType = sourcecode.swift; path = CookiesTests.swift; sourceTree = "<group>"; };
/* End PBXFileReference section */

/* Begin PBXFrameworksBuildPhase section */
		B8EC24021AD6F835004B2064 /* Frameworks */ = {
			isa = PBXFrameworksBuildPhase;
			buildActionMask = 2147483647;
			files = (
			);
			runOnlyForDeploymentPostprocessing = 0;
		};
		B8EC24171AD6F835004B2064 /* Frameworks */ = {
			isa = PBXFrameworksBuildPhase;
			buildActionMask = 2147483647;
			files = (
			);
			runOnlyForDeploymentPostprocessing = 0;
		};
/* End PBXFrameworksBuildPhase section */

/* Begin PBXGroup section */
		B8EC23FC1AD6F835004B2064 = {
			isa = PBXGroup;
			children = (
				B8EC24071AD6F835004B2064 /* Cookies */,
				B8EC241D1AD6F835004B2064 /* CookiesTests */,
				B8EC24061AD6F835004B2064 /* Products */,
			);
			sourceTree = "<group>";
		};
		B8EC24061AD6F835004B2064 /* Products */ = {
			isa = PBXGroup;
			children = (
				B8EC24051AD6F835004B2064 /* Cookies.app */,
				B8EC241A1AD6F835004B2064 /* CookiesTests.xctest */,
			);
			name = Products;
			sourceTree = "<group>";
		};
		B8EC24071AD6F835004B2064 /* Cookies */ = {
			isa = PBXGroup;
			children = (
				B8EC240A1AD6F835004B2064 /* AppDelegate.swift */,
				B8EC240C1AD6F835004B2064 /* ViewController.swift */,
				B8EC240E1AD6F835004B2064 /* Main.storyboard */,
				B8EC24111AD6F835004B2064 /* Images.xcassets */,
				B8EC24131AD6F835004B2064 /* LaunchScreen.xib */,
				B8EC24081AD6F835004B2064 /* Supporting Files */,
			);
			path = Cookies;
			sourceTree = "<group>";
		};
		B8EC24081AD6F835004B2064 /* Supporting Files */ = {
			isa = PBXGroup;
			children = (
				B8EC24091AD6F835004B2064 /* Info.plist */,
			);
			name = "Supporting Files";
			sourceTree = "<group>";
		};
		B8EC241D1AD6F835004B2064 /* CookiesTests */ = {
			isa = PBXGroup;
			children = (
				B8EC24201AD6F835004B2064 /* CookiesTests.swift */,
				B8EC241E1AD6F835004B2064 /* Supporting Files */,
			);
			path = CookiesTests;
			sourceTree = "<group>";
		};
		B8EC241E1AD6F835004B2064 /* Supporting Files */ = {
			isa = PBXGroup;
			children = (
				B8EC241F1AD6F835004B2064 /* Info.plist */,
			);
			name = "Supporting Files";
			sourceTree = "<group>";
		};
/* End PBXGroup section */

/* Begin PBXNativeTarget section */
		B8EC24041AD6F835004B2064 /* Cookies */ = {
			isa = PBXNativeTarget;
			buildConfigurationList = B8EC24241AD6F835004B2064 /* Build configuration list for PBXNativeTarget "Cookies" */;
			buildPhases = (
				B8EC24011AD6F835004B2064 /* Sources */,
				B8EC24021AD6F835004B2064 /* Frameworks */,
				B8EC24031AD6F835004B2064 /* Resources */,
			);
			buildRules = (
			);
			dependencies = (
			);
			name = Cookies;
			productName = Cookies;
			productReference = B8EC24051AD6F835004B2064 /* Cookies.app */;
			productType = "com.apple.product-type.application";
		};
		B8EC24191AD6F835004B2064 /* CookiesTests */ = {
			isa = PBXNativeTarget;
			buildConfigurationList = B8EC24271AD6F835004B2064 /* Build configuration list for PBXNativeTarget "CookiesTests" */;
			buildPhases = (
				B8EC24161AD6F835004B2064 /* Sources */,
				B8EC24171AD6F835004B2064 /* Frameworks */,
				B8EC24181AD6F835004B2064 /* Resources */,
			);
			buildRules = (
			);
			dependencies = (
				B8EC241C1AD6F835004B2064 /* PBXTargetDependency */,
			);
			name = CookiesTests;
			productName = CookiesTests;
			productReference = B8EC241A1AD6F835004B2064 /* CookiesTests.xctest */;
			productType = "com.apple.product-type.bundle.unit-test";
		};
/* End PBXNativeTarget section */

/* Begin PBXProject section */
		B8EC23FD1AD6F835004B2064 /* Project object */ = {
			isa = PBXProject;
			attributes = {
				LastUpgradeCheck = 0630;
				ORGANIZATIONNAME = "Lustin' Joew";
				TargetAttributes = {
					B8EC24041AD6F835004B2064 = {
						CreatedOnToolsVersion = 6.3;
					};
					B8EC24191AD6F835004B2064 = {
						CreatedOnToolsVersion = 6.3;
						TestTargetID = B8EC24041AD6F835004B2064;
					};
				};
			};
			buildConfigurationList = B8EC24001AD6F835004B2064 /* Build configuration list for PBXProject "Cookies" */;
			compatibilityVersion = "Xcode 3.2";
			developmentRegion = English;
			hasScannedForEncodings = 0;
			knownRegions = (
				en,
				Base,
			);
			mainGroup = B8EC23FC1AD6F835004B2064;
			productRefGroup = B8EC24061AD6F835004B2064 /* Products */;
			projectDirPath = "";
			projectRoot = "";
			targets = (
				B8EC24041AD6F835004B2064 /* Cookies */,
				B8EC24191AD6F835004B2064 /* CookiesTests */,
			);
		};
/* End PBXProject section */

/* Begin PBXResourcesBuildPhase section */
		B8EC24031AD6F835004B2064 /* Resources */ = {
			isa = PBXResourcesBuildPhase;
			buildActionMask = 2147483647;
			files = (
				B8EC24101AD6F835004B2064 /* Main.storyboard in Resources */,
				B8EC24151AD6F835004B2064 /* LaunchScreen.xib in Resources */,
				B8EC24121AD6F835004B2064 /* Images.xcassets in Resources */,
			);
			runOnlyForDeploymentPostprocessing = 0;
		};
		B8EC24181AD6F835004B2064 /* Resources */ = {
			isa = PBXResourcesBuildPhase;
			buildActionMask = 2147483647;
			files = (
			);
			runOnlyForDeploymentPostprocessing = 0;
		};
/* End PBXResourcesBuildPhase section */

/* Begin PBXSourcesBuildPhase section */
		B8EC24011AD6F835004B2064 /* Sources */ = {
			isa = PBXSourcesBuildPhase;
			buildActionMask = 2147483647;
			files = (
				B8EC240D1AD6F835004B2064 /* ViewController.swift in Sources */,
				B8EC240B1AD6F835004B2064 /* AppDelegate.swift in Sources */,
			);
			runOnlyForDeploymentPostprocessing = 0;
		};
		B8EC24161AD6F835004B2064 /* Sources */ = {
			isa = PBXSourcesBuildPhase;
			buildActionMask = 2147483647;
			files = (
				B8EC24211AD6F835004B2064 /* CookiesTests.swift in Sources */,
			);
			runOnlyForDeploymentPostprocessing = 0;
		};
/* End PBXSourcesBuildPhase section */

/* Begin PBXTargetDependency section */
		B8EC241C1AD6F835004B2064 /* PBXTargetDependency */ = {
			isa = PBXTargetDependency;
			target = B8EC24041AD6F835004B2064 /* Cookies */;
			targetProxy = B8EC241B1AD6F835004B2064 /* PBXContainerItemProxy */;
		};
/* End PBXTargetDependency section */

/* Begin PBXVariantGroup section */
		B8EC240E1AD6F835004B2064 /* Main.storyboard */ = {
			isa = PBXVariantGroup;
			children = (
				B8EC240F1AD6F835004B2064 /* Base */,
			);
			name = Main.storyboard;
			sourceTree = "<group>";
		};
		B8EC24131AD6F835004B2064 /* LaunchScreen.xib */ = {
			isa = PBXVariantGroup;
			children = (
				B8EC24141AD6F835004B2064 /* Base */,
			);
			name = LaunchScreen.xib;
			sourceTree = "<group>";
		};
/* End PBXVariantGroup section */

/* Begin XCBuildConfiguration section */
		B8EC24221AD6F835004B2064 /* Debug */ = {
			isa = XCBuildConfiguration;
			buildSettings = {
				ALWAYS_SEARCH_USER_PATHS = NO;
				CLANG_CXX_LANGUAGE_STANDARD = "gnu++0x";
				CLANG_CXX_LIBRARY = "libc++";
				CLANG_ENABLE_MODULES = YES;
				CLANG_ENABLE_OBJC_ARC = YES;
				CLANG_WARN_BOOL_CONVERSION = YES;
				CLANG_WARN_CONSTANT_CONVERSION = YES;
				CLANG_WARN_DIRECT_OBJC_ISA_USAGE = YES_ERROR;
				CLANG_WARN_EMPTY_BODY = YES;
				CLANG_WARN_ENUM_CONVERSION = YES;
				CLANG_WARN_INT_CONVERSION = YES;
				CLANG_WARN_OBJC_ROOT_CLASS = YES_ERROR;
				CLANG_WARN_UNREACHABLE_CODE = YES;
				CLANG_WARN__DUPLICATE_METHOD_MATCH = YES;
				"CODE_SIGN_IDENTITY[sdk=iphoneos*]" = "iPhone Developer";
				COPY_PHASE_STRIP = NO;
				DEBUG_INFORMATION_FORMAT = "dwarf-with-dsym";
				ENABLE_STRICT_OBJC_MSGSEND = YES;
				GCC_C_LANGUAGE_STANDARD = gnu99;
				GCC_DYNAMIC_NO_PIC = NO;
				GCC_NO_COMMON_BLOCKS = YES;
				GCC_OPTIMIZATION_LEVEL = 0;
				GCC_PREPROCESSOR_DEFINITIONS = (
					"DEBUG=1",
					"$(inherited)",
				);
				GCC_SYMBOLS_PRIVATE_EXTERN = NO;
				GCC_WARN_64_TO_32_BIT_CONVERSION = YES;
				GCC_WARN_ABOUT_RETURN_TYPE = YES_ERROR;
				GCC_WARN_UNDECLARED_SELECTOR = YES;
				GCC_WARN_UNINITIALIZED_AUTOS = YES_AGGRESSIVE;
				GCC_WARN_UNUSED_FUNCTION = YES;
				GCC_WARN_UNUSED_VARIABLE = YES;
				IPHONEOS_DEPLOYMENT_TARGET = 8.3;
				MTL_ENABLE_DEBUG_INFO = YES;
				ONLY_ACTIVE_ARCH = YES;
				SDKROOT = iphoneos;
				SWIFT_OPTIMIZATION_LEVEL = "-Onone";
			};
			name = Debug;
		};
		B8EC24231AD6F835004B2064 /* Release */ = {
			isa = XCBuildConfiguration;
			buildSettings = {
				ALWAYS_SEARCH_USER_PATHS = NO;
				CLANG_CXX_LANGUAGE_STANDARD = "gnu++0x";
				CLANG_CXX_LIBRARY = "libc++";
				CLANG_ENABLE_MODULES = YES;
				CLANG_ENABLE_OBJC_ARC = YES;
				CLANG_WARN_BOOL_CONVERSION = YES;
				CLANG_WARN_CONSTANT_CONVERSION = YES;
				CLANG_WARN_DIRECT_OBJC_ISA_USAGE = YES_ERROR;
				CLANG_WARN_EMPTY_BODY = YES;
				CLANG_WARN_ENUM_CONVERSION = YES;
				CLANG_WARN_INT_CONVERSION = YES;
				CLANG_WARN_OBJC_ROOT_CLASS = YES_ERROR;
				CLANG_WARN_UNREACHABLE_CODE = YES;
				CLANG_WARN__DUPLICATE_METHOD_MATCH = YES;
				"CODE_SIGN_IDENTITY[sdk=iphoneos*]" = "iPhone Developer";
				COPY_PHASE_STRIP = NO;
				DEBUG_INFORMATION_FORMAT = "dwarf-with-dsym";
				ENABLE_NS_ASSERTIONS = NO;
				ENABLE_STRICT_OBJC_MSGSEND = YES;
				GCC_C_LANGUAGE_STANDARD = gnu99;
				GCC_NO_COMMON_BLOCKS = YES;
				GCC_WARN_64_TO_32_BIT_CONVERSION = YES;
				GCC_WARN_ABOUT_RETURN_TYPE = YES_ERROR;
				GCC_WARN_UNDECLARED_SELECTOR = YES;
				GCC_WARN_UNINITIALIZED_AUTOS = YES_AGGRESSIVE;
				GCC_WARN_UNUSED_FUNCTION = YES;
				GCC_WARN_UNUSED_VARIABLE = YES;
				IPHONEOS_DEPLOYMENT_TARGET = 8.3;
				MTL_ENABLE_DEBUG_INFO = NO;
				SDKROOT = iphoneos;
				VALIDATE_PRODUCT = YES;
			};
			name = Release;
		};
		B8EC24251AD6F835004B2064 /* Debug */ = {
			isa = XCBuildConfiguration;
			buildSettings = {
				ASSETCATALOG_COMPILER_APPICON_NAME = AppIcon;
				INFOPLIST_FILE = Cookies/Info.plist;
				LD_RUNPATH_SEARCH_PATHS = "$(inherited) @executable_path/Frameworks";
				PRODUCT_NAME = "$(TARGET_NAME)";
			};
			name = Debug;
		};
		B8EC24261AD6F835004B2064 /* Release */ = {
			isa = XCBuildConfiguration;
			buildSettings = {
				ASSETCATALOG_COMPILER_APPICON_NAME = AppIcon;
				INFOPLIST_FILE = Cookies/Info.plist;
				LD_RUNPATH_SEARCH_PATHS = "$(inherited) @executable_path/Frameworks";
				PRODUCT_NAME = "$(TARGET_NAME)";
			};
			name = Release;
		};
		B8EC24281AD6F835004B2064 /* Debug */ = {
			isa = XCBuildConfiguration;
			buildSettings = {
				BUNDLE_LOADER = "$(TEST_HOST)";
				FRAMEWORK_SEARCH_PATHS = (
					"$(SDKROOT)/Developer/Library/Frameworks",
					"$(inherited)",
				);
				GCC_PREPROCESSOR_DEFINITIONS = (
					"DEBUG=1",
					"$(inherited)",
				);
				INFOPLIST_FILE = CookiesTests/Info.plist;
				LD_RUNPATH_SEARCH_PATHS = "$(inherited) @executable_path/Frameworks @loader_path/Frameworks";
				PRODUCT_NAME = "$(TARGET_NAME)";
				TEST_HOST = "$(BUILT_PRODUCTS_DIR)/Cookies.app/Cookies";
			};
			name = Debug;
		};
		B8EC24291AD6F835004B2064 /* Release */ = {
			isa = XCBuildConfiguration;
			buildSettings = {
				BUNDLE_LOADER = "$(TEST_HOST)";
				FRAMEWORK_SEARCH_PATHS = (
					"$(SDKROOT)/Developer/Library/Frameworks",
					"$(inherited)",
				);
				INFOPLIST_FILE = CookiesTests/Info.plist;
				LD_RUNPATH_SEARCH_PATHS = "$(inherited) @executable_path/Frameworks @loader_path/Frameworks";
				PRODUCT_NAME = "$(TARGET_NAME)";
				TEST_HOST = "$(BUILT_PRODUCTS_DIR)/Cookies.app/Cookies";
			};
			name = Release;
		};
/* End XCBuildConfiguration section */

/* Begin XCConfigurationList section */
		B8EC24001AD6F835004B2064 /* Build configuration list for PBXProject "Cookies" */ = {
			isa = XCConfigurationList;
			buildConfigurations = (
				B8EC24221AD6F835004B2064 /* Debug */,
				B8EC24231AD6F835004B2064 /* Release */,
			);
			defaultConfigurationIsVisible = 0;
			defaultConfigurationName = Release;
		};
		B8EC24241AD6F835004B2064 /* Build configuration list for PBXNativeTarget "Cookies" */ = {
			isa = XCConfigurationList;
			buildConfigurations = (
				B8EC24251AD6F835004B2064 /* Debug */,
				B8EC24261AD6F835004B2064 /* Release */,
			);
			defaultConfigurationIsVisible = 0;
		};
		B8EC24271AD6F835004B2064 /* Build configuration list for PBXNativeTarget "CookiesTests" */ = {
			isa = XCConfigurationList;
			buildConfigurations = (
				B8EC24281AD6F835004B2064 /* Debug */,
				B8EC24291AD6F835004B2064 /* Release */,
			);
			defaultConfigurationIsVisible = 0;
		};
/* End XCConfigurationList section */
	};
	rootObject = B8EC23FD1AD6F835004B2064 /* Project object */;
}
